// !$*UTF8*$!
{
	archiveVersion = 1;
	classes = {
	};
	objectVersion = 51;
	objects = {

/* Begin PBXBuildFile section */
		7F8CB2E2268F5208009AE3CB /* AppDelegate.swift in Sources */ = {isa = PBXBuildFile; fileRef = 7F8CB2E1268F5208009AE3CB /* AppDelegate.swift */; };
		7F8CB2E9268F520A009AE3CB /* Assets.xcassets in Resources */ = {isa = PBXBuildFile; fileRef = 7F8CB2E8268F520A009AE3CB /* Assets.xcassets */; };
		7F8CB2EC268F520A009AE3CB /* LaunchScreen.storyboard in Resources */ = {isa = PBXBuildFile; fileRef = 7F8CB2EA268F520A009AE3CB /* LaunchScreen.storyboard */; };
		7F8CB2F4268F530E009AE3CB /* ShoppingListViewController.swift in Sources */ = {isa = PBXBuildFile; fileRef = 7F8CB2F3268F530E009AE3CB /* ShoppingListViewController.swift */; };
		7F8CB2F6268F5327009AE3CB /* ShoppingList.storyboard in Resources */ = {isa = PBXBuildFile; fileRef = 7F8CB2F5268F5327009AE3CB /* ShoppingList.storyboard */; };
		7F8CB2FD268F5CC5009AE3CB /* ThingCell.swift in Sources */ = {isa = PBXBuildFile; fileRef = 7F8CB2FB268F5CC5009AE3CB /* ThingCell.swift */; };
		7F8CB2FE268F5CC5009AE3CB /* ThingCell.xib in Resources */ = {isa = PBXBuildFile; fileRef = 7F8CB2FC268F5CC5009AE3CB /* ThingCell.xib */; };
		7F8CB304268F625E009AE3CB /* NewRegistrationViewController.swift in Sources */ = {isa = PBXBuildFile; fileRef = 7F8CB303268F625E009AE3CB /* NewRegistrationViewController.swift */; };
		7F8CB306268F6275009AE3CB /* NewRegistration.storyboard in Resources */ = {isa = PBXBuildFile; fileRef = 7F8CB305268F6275009AE3CB /* NewRegistration.storyboard */; };
		7FBE91B426900FD4005160E2 /* CategoryListViewController.swift in Sources */ = {isa = PBXBuildFile; fileRef = 7FBE91B326900FD4005160E2 /* CategoryListViewController.swift */; };
		7FBE91B626900FEF005160E2 /* CategoryList.storyboard in Resources */ = {isa = PBXBuildFile; fileRef = 7FBE91B526900FEF005160E2 /* CategoryList.storyboard */; };
		7FBE91BB26901CCA005160E2 /* Thing.swift in Sources */ = {isa = PBXBuildFile; fileRef = 7FBE91BA26901CCA005160E2 /* Thing.swift */; };
		C311C3DB983EED6857346423 /* Pods_P1ShoppingList.framework in Frameworks */ = {isa = PBXBuildFile; fileRef = 70EDB0277C2EC4F573911B2E /* Pods_P1ShoppingList.framework */; };
/* End PBXBuildFile section */

/* Begin PBXFileReference section */
		70EDB0277C2EC4F573911B2E /* Pods_P1ShoppingList.framework */ = {isa = PBXFileReference; explicitFileType = wrapper.framework; includeInIndex = 0; path = Pods_P1ShoppingList.framework; sourceTree = BUILT_PRODUCTS_DIR; };
		7F8CB2DE268F5208009AE3CB /* P1ShoppingList.app */ = {isa = PBXFileReference; explicitFileType = wrapper.application; includeInIndex = 0; path = P1ShoppingList.app; sourceTree = BUILT_PRODUCTS_DIR; };
		7F8CB2E1268F5208009AE3CB /* AppDelegate.swift */ = {isa = PBXFileReference; lastKnownFileType = sourcecode.swift; path = AppDelegate.swift; sourceTree = "<group>"; };
		7F8CB2E8268F520A009AE3CB /* Assets.xcassets */ = {isa = PBXFileReference; lastKnownFileType = folder.assetcatalog; path = Assets.xcassets; sourceTree = "<group>"; };
		7F8CB2EB268F520A009AE3CB /* Base */ = {isa = PBXFileReference; lastKnownFileType = file.storyboard; name = Base; path = Base.lproj/LaunchScreen.storyboard; sourceTree = "<group>"; };
		7F8CB2ED268F520A009AE3CB /* Info.plist */ = {isa = PBXFileReference; lastKnownFileType = text.plist.xml; path = Info.plist; sourceTree = "<group>"; };
		7F8CB2F3268F530E009AE3CB /* ShoppingListViewController.swift */ = {isa = PBXFileReference; lastKnownFileType = sourcecode.swift; path = ShoppingListViewController.swift; sourceTree = "<group>"; };
		7F8CB2F5268F5327009AE3CB /* ShoppingList.storyboard */ = {isa = PBXFileReference; lastKnownFileType = file.storyboard; path = ShoppingList.storyboard; sourceTree = "<group>"; };
		7F8CB2FB268F5CC5009AE3CB /* ThingCell.swift */ = {isa = PBXFileReference; lastKnownFileType = sourcecode.swift; path = ThingCell.swift; sourceTree = "<group>"; };
		7F8CB2FC268F5CC5009AE3CB /* ThingCell.xib */ = {isa = PBXFileReference; lastKnownFileType = file.xib; path = ThingCell.xib; sourceTree = "<group>"; };
		7F8CB303268F625E009AE3CB /* NewRegistrationViewController.swift */ = {isa = PBXFileReference; lastKnownFileType = sourcecode.swift; path = NewRegistrationViewController.swift; sourceTree = "<group>"; };
		7F8CB305268F6275009AE3CB /* NewRegistration.storyboard */ = {isa = PBXFileReference; lastKnownFileType = file.storyboard; path = NewRegistration.storyboard; sourceTree = "<group>"; };
		7FBE91B326900FD4005160E2 /* CategoryListViewController.swift */ = {isa = PBXFileReference; lastKnownFileType = sourcecode.swift; path = CategoryListViewController.swift; sourceTree = "<group>"; };
		7FBE91B526900FEF005160E2 /* CategoryList.storyboard */ = {isa = PBXFileReference; lastKnownFileType = file.storyboard; path = CategoryList.storyboard; sourceTree = "<group>"; };
		7FBE91BA26901CCA005160E2 /* Thing.swift */ = {isa = PBXFileReference; lastKnownFileType = sourcecode.swift; path = Thing.swift; sourceTree = "<group>"; };
		B7C392795930423B65D7BD13 /* Pods-P1ShoppingList.debug.xcconfig */ = {isa = PBXFileReference; includeInIndex = 1; lastKnownFileType = text.xcconfig; name = "Pods-P1ShoppingList.debug.xcconfig"; path = "Target Support Files/Pods-P1ShoppingList/Pods-P1ShoppingList.debug.xcconfig"; sourceTree = "<group>"; };
		C8CE3E9E3F5CE6F62E445243 /* Pods-P1ShoppingList.release.xcconfig */ = {isa = PBXFileReference; includeInIndex = 1; lastKnownFileType = text.xcconfig; name = "Pods-P1ShoppingList.release.xcconfig"; path = "Target Support Files/Pods-P1ShoppingList/Pods-P1ShoppingList.release.xcconfig"; sourceTree = "<group>"; };
/* End PBXFileReference section */

/* Begin PBXFrameworksBuildPhase section */
		7F8CB2DB268F5208009AE3CB /* Frameworks */ = {
			isa = PBXFrameworksBuildPhase;
			buildActionMask = 2147483647;
			files = (
				C311C3DB983EED6857346423 /* Pods_P1ShoppingList.framework in Frameworks */,
			);
			runOnlyForDeploymentPostprocessing = 0;
		};
/* End PBXFrameworksBuildPhase section */

/* Begin PBXGroup section */
		7F8CB2D5268F5208009AE3CB = {
			isa = PBXGroup;
			children = (
				7F8CB2E0268F5208009AE3CB /* P1ShoppingList */,
				7F8CB2DF268F5208009AE3CB /* Products */,
				EA3C66D18863D79E07F5B78C /* Pods */,
				817D2D2700C19656027FB88B /* Frameworks */,
			);
			sourceTree = "<group>";
		};
		7F8CB2DF268F5208009AE3CB /* Products */ = {
			isa = PBXGroup;
			children = (
				7F8CB2DE268F5208009AE3CB /* P1ShoppingList.app */,
			);
			name = Products;
			sourceTree = "<group>";
		};
		7F8CB2E0268F5208009AE3CB /* P1ShoppingList */ = {
			isa = PBXGroup;
			children = (
				7FBE91B726901BB6005160E2 /* Model */,
				7F8CB2FF268F5E20009AE3CB /* View */,
				7F8CB302268F5E66009AE3CB /* Controller */,
				7F8CB2E1268F5208009AE3CB /* AppDelegate.swift */,
				7F8CB2E8268F520A009AE3CB /* Assets.xcassets */,
				7F8CB2ED268F520A009AE3CB /* Info.plist */,
			);
			path = P1ShoppingList;
			sourceTree = "<group>";
		};
		7F8CB2FF268F5E20009AE3CB /* View */ = {
			isa = PBXGroup;
			children = (
				7F8CB300268F5E36009AE3CB /* Storyboard */,
				7F8CB301268F5E4D009AE3CB /* Cell */,
			);
			path = View;
			sourceTree = "<group>";
		};
		7F8CB300268F5E36009AE3CB /* Storyboard */ = {
			isa = PBXGroup;
			children = (
				7F8CB2EA268F520A009AE3CB /* LaunchScreen.storyboard */,
				7F8CB2F5268F5327009AE3CB /* ShoppingList.storyboard */,
				7FBE91B526900FEF005160E2 /* CategoryList.storyboard */,
				7F8CB305268F6275009AE3CB /* NewRegistration.storyboard */,
			);
			path = Storyboard;
			sourceTree = "<group>";
		};
		7F8CB301268F5E4D009AE3CB /* Cell */ = {
			isa = PBXGroup;
			children = (
				7F8CB2FB268F5CC5009AE3CB /* ThingCell.swift */,
				7F8CB2FC268F5CC5009AE3CB /* ThingCell.xib */,
			);
			path = Cell;
			sourceTree = "<group>";
		};
		7F8CB302268F5E66009AE3CB /* Controller */ = {
			isa = PBXGroup;
			children = (
				7F8CB2F3268F530E009AE3CB /* ShoppingListViewController.swift */,
				7FBE91B326900FD4005160E2 /* CategoryListViewController.swift */,
				7F8CB303268F625E009AE3CB /* NewRegistrationViewController.swift */,
			);
			path = Controller;
			sourceTree = "<group>";
		};
		7FBE91B726901BB6005160E2 /* Model */ = {
			isa = PBXGroup;
			children = (
				7FBE91BA26901CCA005160E2 /* Thing.swift */,
			);
			path = Model;
			sourceTree = "<group>";
		};
		817D2D2700C19656027FB88B /* Frameworks */ = {
			isa = PBXGroup;
			children = (
				70EDB0277C2EC4F573911B2E /* Pods_P1ShoppingList.framework */,
			);
			name = Frameworks;
			sourceTree = "<group>";
		};
		EA3C66D18863D79E07F5B78C /* Pods */ = {
			isa = PBXGroup;
			children = (
				B7C392795930423B65D7BD13 /* Pods-P1ShoppingList.debug.xcconfig */,
				C8CE3E9E3F5CE6F62E445243 /* Pods-P1ShoppingList.release.xcconfig */,
			);
			path = Pods;
			sourceTree = "<group>";
		};
/* End PBXGroup section */

/* Begin PBXNativeTarget section */
		7F8CB2DD268F5208009AE3CB /* P1ShoppingList */ = {
			isa = PBXNativeTarget;
			buildConfigurationList = 7F8CB2F0268F520A009AE3CB /* Build configuration list for PBXNativeTarget "P1ShoppingList" */;
			buildPhases = (
				7D3C2D8B237E231010B16362 /* [CP] Check Pods Manifest.lock */,
				7F8CB2DA268F5208009AE3CB /* Sources */,
				7F8CB2DB268F5208009AE3CB /* Frameworks */,
				7F8CB2DC268F5208009AE3CB /* Resources */,
				C58D19143BA4F82EE0B94BA3 /* [CP] Embed Pods Frameworks */,
			);
			buildRules = (
			);
			dependencies = (
			);
			name = P1ShoppingList;
			productName = P1ShoppingList;
			productReference = 7F8CB2DE268F5208009AE3CB /* P1ShoppingList.app */;
			productType = "com.apple.product-type.application";
		};
/* End PBXNativeTarget section */

/* Begin PBXProject section */
		7F8CB2D6268F5208009AE3CB /* Project object */ = {
			isa = PBXProject;
			attributes = {
				LastSwiftUpdateCheck = 1000;
				LastUpgradeCheck = 1000;
				ORGANIZATIONNAME = cmStudent;
				TargetAttributes = {
					7F8CB2DD268F5208009AE3CB = {
						CreatedOnToolsVersion = 10.0;
					};
				};
			};
			buildConfigurationList = 7F8CB2D9268F5208009AE3CB /* Build configuration list for PBXProject "P1ShoppingList" */;
			compatibilityVersion = "Xcode 9.3";
			developmentRegion = en;
			hasScannedForEncodings = 0;
			knownRegions = (
				en,
				Base,
			);
			mainGroup = 7F8CB2D5268F5208009AE3CB;
			productRefGroup = 7F8CB2DF268F5208009AE3CB /* Products */;
			projectDirPath = "";
			projectRoot = "";
			targets = (
				7F8CB2DD268F5208009AE3CB /* P1ShoppingList */,
			);
		};
/* End PBXProject section */

/* Begin PBXResourcesBuildPhase section */
		7F8CB2DC268F5208009AE3CB /* Resources */ = {
			isa = PBXResourcesBuildPhase;
			buildActionMask = 2147483647;
			files = (
				7F8CB2FE268F5CC5009AE3CB /* ThingCell.xib in Resources */,
				7F8CB2EC268F520A009AE3CB /* LaunchScreen.storyboard in Resources */,
				7FBE91B626900FEF005160E2 /* CategoryList.storyboard in Resources */,
				7F8CB2E9268F520A009AE3CB /* Assets.xcassets in Resources */,
				7F8CB306268F6275009AE3CB /* NewRegistration.storyboard in Resources */,
				7F8CB2F6268F5327009AE3CB /* ShoppingList.storyboard in Resources */,
			);
			runOnlyForDeploymentPostprocessing = 0;
		};
/* End PBXResourcesBuildPhase section */

/* Begin PBXShellScriptBuildPhase section */
		7D3C2D8B237E231010B16362 /* [CP] Check Pods Manifest.lock */ = {
			isa = PBXShellScriptBuildPhase;
			buildActionMask = 2147483647;
			files = (
			);
			inputFileListPaths = (
			);
			inputPaths = (
				"${PODS_PODFILE_DIR_PATH}/Podfile.lock",
				"${PODS_ROOT}/Manifest.lock",
			);
			name = "[CP] Check Pods Manifest.lock";
			outputFileListPaths = (
			);
			outputPaths = (
				"$(DERIVED_FILE_DIR)/Pods-P1ShoppingList-checkManifestLockResult.txt",
			);
			runOnlyForDeploymentPostprocessing = 0;
			shellPath = /bin/sh;
			shellScript = "diff \"${PODS_PODFILE_DIR_PATH}/Podfile.lock\" \"${PODS_ROOT}/Manifest.lock\" > /dev/null\nif [ $? != 0 ] ; then\n    # print error to STDERR\n    echo \"error: The sandbox is not in sync with the Podfile.lock. Run 'pod install' or update your CocoaPods installation.\" >&2\n    exit 1\nfi\n# This output is used by Xcode 'outputs' to avoid re-running this script phase.\necho \"SUCCESS\" > \"${SCRIPT_OUTPUT_FILE_0}\"\n";
			showEnvVarsInLog = 0;
		};
		C58D19143BA4F82EE0B94BA3 /* [CP] Embed Pods Frameworks */ = {
			isa = PBXShellScriptBuildPhase;
			buildActionMask = 2147483647;
			files = (
			);
			inputFileListPaths = (
				"${PODS_ROOT}/Target Support Files/Pods-P1ShoppingList/Pods-P1ShoppingList-frameworks-${CONFIGURATION}-input-files.xcfilelist",
			);
			name = "[CP] Embed Pods Frameworks";
			outputFileListPaths = (
				"${PODS_ROOT}/Target Support Files/Pods-P1ShoppingList/Pods-P1ShoppingList-frameworks-${CONFIGURATION}-output-files.xcfilelist",
			);
			runOnlyForDeploymentPostprocessing = 0;
			shellPath = /bin/sh;
			shellScript = "\"${PODS_ROOT}/Target Support Files/Pods-P1ShoppingList/Pods-P1ShoppingList-frameworks.sh\"\n";
			showEnvVarsInLog = 0;
		};
/* End PBXShellScriptBuildPhase section */

/* Begin PBXSourcesBuildPhase section */
		7F8CB2DA268F5208009AE3CB /* Sources */ = {
			isa = PBXSourcesBuildPhase;
			buildActionMask = 2147483647;
			files = (
				7FBE91B426900FD4005160E2 /* CategoryListViewController.swift in Sources */,
				7F8CB2F4268F530E009AE3CB /* ShoppingListViewController.swift in Sources */,
				7F8CB2FD268F5CC5009AE3CB /* ThingCell.swift in Sources */,
				7F8CB304268F625E009AE3CB /* NewRegistrationViewController.swift in Sources */,
				7FBE91BB26901CCA005160E2 /* Thing.swift in Sources */,
				7F8CB2E2268F5208009AE3CB /* AppDelegate.swift in Sources */,
			);
			runOnlyForDeploymentPostprocessing = 0;
		};
/* End PBXSourcesBuildPhase section */

/* Begin PBXVariantGroup section */
		7F8CB2EA268F520A009AE3CB /* LaunchScreen.storyboard */ = {
			isa = PBXVariantGroup;
			children = (
				7F8CB2EB268F520A009AE3CB /* Base */,
			);
			name = LaunchScreen.storyboard;
			sourceTree = "<group>";
		};
/* End PBXVariantGroup section */

/* Begin XCBuildConfiguration section */
		7F8CB2EE268F520A009AE3CB /* Debug */ = {
			isa = XCBuildConfiguration;
			buildSettings = {
				ALWAYS_SEARCH_USER_PATHS = NO;
				CLANG_ANALYZER_NONNULL = YES;
				CLANG_ANALYZER_NUMBER_OBJECT_CONVERSION = YES_AGGRESSIVE;
				CLANG_CXX_LANGUAGE_STANDARD = "gnu++14";
				CLANG_CXX_LIBRARY = "libc++";
				CLANG_ENABLE_MODULES = YES;
				CLANG_ENABLE_OBJC_ARC = YES;
				CLANG_ENABLE_OBJC_WEAK = YES;
				CLANG_WARN_BLOCK_CAPTURE_AUTORELEASING = YES;
				CLANG_WARN_BOOL_CONVERSION = YES;
				CLANG_WARN_COMMA = YES;
				CLANG_WARN_CONSTANT_CONVERSION = YES;
				CLANG_WARN_DEPRECATED_OBJC_IMPLEMENTATIONS = YES;
				CLANG_WARN_DIRECT_OBJC_ISA_USAGE = YES_ERROR;
				CLANG_WARN_DOCUMENTATION_COMMENTS = YES;
				CLANG_WARN_EMPTY_BODY = YES;
				CLANG_WARN_ENUM_CONVERSION = YES;
				CLANG_WARN_INFINITE_RECURSION = YES;
				CLANG_WARN_INT_CONVERSION = YES;
				CLANG_WARN_NON_LITERAL_NULL_CONVERSION = YES;
				CLANG_WARN_OBJC_IMPLICIT_RETAIN_SELF = YES;
				CLANG_WARN_OBJC_LITERAL_CONVERSION = YES;
				CLANG_WARN_OBJC_ROOT_CLASS = YES_ERROR;
				CLANG_WARN_RANGE_LOOP_ANALYSIS = YES;
				CLANG_WARN_STRICT_PROTOTYPES = YES;
				CLANG_WARN_SUSPICIOUS_MOVE = YES;
				CLANG_WARN_UNGUARDED_AVAILABILITY = YES_AGGRESSIVE;
				CLANG_WARN_UNREACHABLE_CODE = YES;
				CLANG_WARN__DUPLICATE_METHOD_MATCH = YES;
				CODE_SIGN_IDENTITY = "iPhone Developer";
				COPY_PHASE_STRIP = NO;
				DEBUG_INFORMATION_FORMAT = dwarf;
				ENABLE_STRICT_OBJC_MSGSEND = YES;
				ENABLE_TESTABILITY = YES;
				GCC_C_LANGUAGE_STANDARD = gnu11;
				GCC_DYNAMIC_NO_PIC = NO;
				GCC_NO_COMMON_BLOCKS = YES;
				GCC_OPTIMIZATION_LEVEL = 0;
				GCC_PREPROCESSOR_DEFINITIONS = (
					"DEBUG=1",
					"$(inherited)",
				);
				GCC_WARN_64_TO_32_BIT_CONVERSION = YES;
				GCC_WARN_ABOUT_RETURN_TYPE = YES_ERROR;
				GCC_WARN_UNDECLARED_SELECTOR = YES;
				GCC_WARN_UNINITIALIZED_AUTOS = YES_AGGRESSIVE;
				GCC_WARN_UNUSED_FUNCTION = YES;
				GCC_WARN_UNUSED_VARIABLE = YES;
				IPHONEOS_DEPLOYMENT_TARGET = 12.0;
				MTL_ENABLE_DEBUG_INFO = INCLUDE_SOURCE;
				MTL_FAST_MATH = YES;
				ONLY_ACTIVE_ARCH = YES;
				SDKROOT = iphoneos;
				SWIFT_ACTIVE_COMPILATION_CONDITIONS = DEBUG;
				SWIFT_OPTIMIZATION_LEVEL = "-Onone";
			};
			name = Debug;
		};
		7F8CB2EF268F520A009AE3CB /* Release */ = {
			isa = XCBuildConfiguration;
			buildSettings = {
				ALWAYS_SEARCH_USER_PATHS = NO;
				CLANG_ANALYZER_NONNULL = YES;
				CLANG_ANALYZER_NUMBER_OBJECT_CONVERSION = YES_AGGRESSIVE;
				CLANG_CXX_LANGUAGE_STANDARD = "gnu++14";
				CLANG_CXX_LIBRARY = "libc++";
				CLANG_ENABLE_MODULES = YES;
				CLANG_ENABLE_OBJC_ARC = YES;
				CLANG_ENABLE_OBJC_WEAK = YES;
				CLANG_WARN_BLOCK_CAPTURE_AUTORELEASING = YES;
				CLANG_WARN_BOOL_CONVERSION = YES;
				CLANG_WARN_COMMA = YES;
				CLANG_WARN_CONSTANT_CONVERSION = YES;
				CLANG_WARN_DEPRECATED_OBJC_IMPLEMENTATIONS = YES;
				CLANG_WARN_DIRECT_OBJC_ISA_USAGE = YES_ERROR;
				CLANG_WARN_DOCUMENTATION_COMMENTS = YES;
				CLANG_WARN_EMPTY_BODY = YES;
				CLANG_WARN_ENUM_CONVERSION = YES;
				CLANG_WARN_INFINITE_RECURSION = YES;
				CLANG_WARN_INT_CONVERSION = YES;
				CLANG_WARN_NON_LITERAL_NULL_CONVERSION = YES;
				CLANG_WARN_OBJC_IMPLICIT_RETAIN_SELF = YES;
				CLANG_WARN_OBJC_LITERAL_CONVERSION = YES;
				CLANG_WARN_OBJC_ROOT_CLASS = YES_ERROR;
				CLANG_WARN_RANGE_LOOP_ANALYSIS = YES;
				CLANG_WARN_STRICT_PROTOTYPES = YES;
				CLANG_WARN_SUSPICIOUS_MOVE = YES;
				CLANG_WARN_UNGUARDED_AVAILABILITY = YES_AGGRESSIVE;
				CLANG_WARN_UNREACHABLE_CODE = YES;
				CLANG_WARN__DUPLICATE_METHOD_MATCH = YES;
				CODE_SIGN_IDENTITY = "iPhone Developer";
				COPY_PHASE_STRIP = NO;
				DEBUG_INFORMATION_FORMAT = "dwarf-with-dsym";
				ENABLE_NS_ASSERTIONS = NO;
				ENABLE_STRICT_OBJC_MSGSEND = YES;
				GCC_C_LANGUAGE_STANDARD = gnu11;
				GCC_NO_COMMON_BLOCKS = YES;
				GCC_WARN_64_TO_32_BIT_CONVERSION = YES;
				GCC_WARN_ABOUT_RETURN_TYPE = YES_ERROR;
				GCC_WARN_UNDECLARED_SELECTOR = YES;
				GCC_WARN_UNINITIALIZED_AUTOS = YES_AGGRESSIVE;
				GCC_WARN_UNUSED_FUNCTION = YES;
				GCC_WARN_UNUSED_VARIABLE = YES;
				IPHONEOS_DEPLOYMENT_TARGET = 12.0;
				MTL_ENABLE_DEBUG_INFO = NO;
				MTL_FAST_MATH = YES;
				SDKROOT = iphoneos;
				SWIFT_COMPILATION_MODE = wholemodule;
				SWIFT_OPTIMIZATION_LEVEL = "-O";
				VALIDATE_PRODUCT = YES;
			};
			name = Release;
		};
		7F8CB2F1268F520A009AE3CB /* Debug */ = {
			isa = XCBuildConfiguration;
			baseConfigurationReference = B7C392795930423B65D7BD13 /* Pods-P1ShoppingList.debug.xcconfig */;
			buildSettings = {
				ASSETCATALOG_COMPILER_APPICON_NAME = AppIcon;
				CODE_SIGN_STYLE = Automatic;
				DEVELOPMENT_TEAM = MZV473SPTS;
				INFOPLIST_FILE = P1ShoppingList/Info.plist;
				LD_RUNPATH_SEARCH_PATHS = (
					"$(inherited)",
					"@executable_path/Frameworks",
				);
				PRODUCT_BUNDLE_IDENTIFIER = jp.ac.jec.cm0123.P1ShoppingList;
				PRODUCT_NAME = "$(TARGET_NAME)";
				SWIFT_VERSION = 4.2;
				TARGETED_DEVICE_FAMILY = "1,2";
			};
			name = Debug;
		};
		7F8CB2F2268F520A009AE3CB /* Release */ = {
			isa = XCBuildConfiguration;
			baseConfigurationReference = C8CE3E9E3F5CE6F62E445243 /* Pods-P1ShoppingList.release.xcconfig */;
			buildSettings = {
				ASSETCATALOG_COMPILER_APPICON_NAME = AppIcon;
				CODE_SIGN_STYLE = Automatic;
				DEVELOPMENT_TEAM = MZV473SPTS;
				INFOPLIST_FILE = P1ShoppingList/Info.plist;
				LD_RUNPATH_SEARCH_PATHS = (
					"$(inherited)",
					"@executable_path/Frameworks",
				);
				PRODUCT_BUNDLE_IDENTIFIER = jp.ac.jec.cm0123.P1ShoppingList;
				PRODUCT_NAME = "$(TARGET_NAME)";
				SWIFT_VERSION = 4.2;
				TARGETED_DEVICE_FAMILY = "1,2";
			};
			name = Release;
		};
/* End XCBuildConfiguration section */

/* Begin XCConfigurationList section */
		7F8CB2D9268F5208009AE3CB /* Build configuration list for PBXProject "P1ShoppingList" */ = {
			isa = XCConfigurationList;
			buildConfigurations = (
				7F8CB2EE268F520A009AE3CB /* Debug */,
				7F8CB2EF268F520A009AE3CB /* Release */,
			);
			defaultConfigurationIsVisible = 0;
			defaultConfigurationName = Release;
		};
		7F8CB2F0268F520A009AE3CB /* Build configuration list for PBXNativeTarget "P1ShoppingList" */ = {
			isa = XCConfigurationList;
			buildConfigurations = (
				7F8CB2F1268F520A009AE3CB /* Debug */,
				7F8CB2F2268F520A009AE3CB /* Release */,
			);
			defaultConfigurationIsVisible = 0;
			defaultConfigurationName = Release;
		};
/* End XCConfigurationList section */
	};
	rootObject = 7F8CB2D6268F5208009AE3CB /* Project object */;
}
